
Microsoft Visual Studio Solution File, Format Version 12.00
# Visual Studio Version 17
VisualStudioVersion = 17.14.36301.6 d17.14
MinimumVisualStudioVersion = 10.0.40219.1
Project("{FAE04EC0-301F-11D3-BF4B-00C04F79EFBC}") = "EmployeeManagementSystem", "EmployeeManagementSystem\EmployeeManagementSystem.csproj", "{43C8DB91-43A1-48DA-AB62-0BD57744D2DF}"
EndProject
Global
	GlobalSection(SolutionConfigurationPlatforms) = preSolution
		Debug|Any CPU = Debug|Any CPU
		Release|Any CPU = Release|Any CPU
	EndGlobalSection
	GlobalSection(ProjectConfigurationPlatforms) = postSolution
		{43C8DB91-43A1-48DA-AB62-0BD57744D2DF}.Debug|Any CPU.ActiveCfg = Debug|Any CPU
		{43C8DB91-43A1-48DA-AB62-0BD57744D2DF}.Debug|Any CPU.Build.0 = Debug|Any CPU
		{43C8DB91-43A1-48DA-AB62-0BD57744D2DF}.Release|Any CPU.ActiveCfg = Release|Any CPU
		{43C8DB91-43A1-48DA-AB62-0BD57744D2DF}.Release|Any CPU.Build.0 = Release|Any CPU
	EndGlobalSection
	GlobalSection(SolutionProperties) = preSolution
		HideSolutionNode = FALSE
	EndGlobalSection
	GlobalSection(ExtensibilityGlobals) = postSolution
		SolutionGuid = {AA26BC36-2CA3-4309-BD86-2A3B23E9090E}
	EndGlobalSection
EndGlobal
